// !$*UTF8*$!
{
	archiveVersion = 1;
	classes = {
	};
	objectVersion = 56;
	objects = {

/* Begin PBXBuildFile section */
		684C704D2C2E250700ED3619 /* LoadingView.swift in Sources */ = {isa = PBXBuildFile; fileRef = 684C704C2C2E250700ED3619 /* LoadingView.swift */; };
		684C704F2C2E27F800ED3619 /* WeatherManager.swift in Sources */ = {isa = PBXBuildFile; fileRef = 684C704E2C2E27F800ED3619 /* WeatherManager.swift */; };
		684C70512C2E2CA200ED3619 /* WeatherView.swift in Sources */ = {isa = PBXBuildFile; fileRef = 684C70502C2E2CA200ED3619 /* WeatherView.swift */; };
		684C70532C2E2CEB00ED3619 /* ModelData.swift in Sources */ = {isa = PBXBuildFile; fileRef = 684C70522C2E2CEB00ED3619 /* ModelData.swift */; };
		684C70552C2E2D2900ED3619 /* weatherData.json in Resources */ = {isa = PBXBuildFile; fileRef = 684C70542C2E2D2900ED3619 /* weatherData.json */; };
		684C70572C2E2E5600ED3619 /* Extensions.swift in Sources */ = {isa = PBXBuildFile; fileRef = 684C70562C2E2E5600ED3619 /* Extensions.swift */; };
		684C705A2C2E363900ED3619 /* WeatherRow.swift in Sources */ = {isa = PBXBuildFile; fileRef = 684C70592C2E363900ED3619 /* WeatherRow.swift */; };
		684C705C2C3B4B5600ED3619 /* Factories.swift in Sources */ = {isa = PBXBuildFile; fileRef = 684C705B2C3B4B5600ED3619 /* Factories.swift */; };
		684C705F2C3B520200ED3619 /* Assets.xcassets in Resources */ = {isa = PBXBuildFile; fileRef = 684C705E2C3B520200ED3619 /* Assets.xcassets */; };
		684C706D2C3B52F100ED3619 /* Data.swift in Sources */ = {isa = PBXBuildFile; fileRef = 684C706C2C3B52F100ED3619 /* Data.swift */; };
		68D3B0AB2C2CD543004E6ABB /* WeatherAppApp.swift in Sources */ = {isa = PBXBuildFile; fileRef = 68D3B0AA2C2CD543004E6ABB /* WeatherAppApp.swift */; };
		68D3B0AD2C2CD543004E6ABB /* ContentView.swift in Sources */ = {isa = PBXBuildFile; fileRef = 68D3B0AC2C2CD543004E6ABB /* ContentView.swift */; };
		68D3B0AF2C2CD543004E6ABB /* Assets.xcassets in Resources */ = {isa = PBXBuildFile; fileRef = 68D3B0AE2C2CD543004E6ABB /* Assets.xcassets */; };
		68D3B0B22C2CD543004E6ABB /* Preview Assets.xcassets in Resources */ = {isa = PBXBuildFile; fileRef = 68D3B0B12C2CD543004E6ABB /* Preview Assets.xcassets */; };
		68D3B0BA2C2CD5DD004E6ABB /* LocationManager.swift in Sources */ = {isa = PBXBuildFile; fileRef = 68D3B0B92C2CD5DD004E6ABB /* LocationManager.swift */; };
		68D3B0BD2C2CD747004E6ABB /* WelcomeView.swift in Sources */ = {isa = PBXBuildFile; fileRef = 68D3B0BC2C2CD747004E6ABB /* WelcomeView.swift */; };
		68D545842C3B851500FBD4BE /* PlaylistCell.swift in Sources */ = {isa = PBXBuildFile; fileRef = 68D545832C3B851500FBD4BE /* PlaylistCell.swift */; };
/* End PBXBuildFile section */

/* Begin PBXFileReference section */
		684C704C2C2E250700ED3619 /* LoadingView.swift */ = {isa = PBXFileReference; lastKnownFileType = sourcecode.swift; path = LoadingView.swift; sourceTree = "<group>"; };
		684C704E2C2E27F800ED3619 /* WeatherManager.swift */ = {isa = PBXFileReference; lastKnownFileType = sourcecode.swift; path = WeatherManager.swift; sourceTree = "<group>"; };
		684C70502C2E2CA200ED3619 /* WeatherView.swift */ = {isa = PBXFileReference; lastKnownFileType = sourcecode.swift; path = WeatherView.swift; sourceTree = "<group>"; };
		684C70522C2E2CEB00ED3619 /* ModelData.swift */ = {isa = PBXFileReference; lastKnownFileType = sourcecode.swift; path = ModelData.swift; sourceTree = "<group>"; };
		684C70542C2E2D2900ED3619 /* weatherData.json */ = {isa = PBXFileReference; lastKnownFileType = text.json; path = weatherData.json; sourceTree = "<group>"; };
		684C70562C2E2E5600ED3619 /* Extensions.swift */ = {isa = PBXFileReference; lastKnownFileType = sourcecode.swift; path = Extensions.swift; sourceTree = "<group>"; };
		684C70592C2E363900ED3619 /* WeatherRow.swift */ = {isa = PBXFileReference; lastKnownFileType = sourcecode.swift; path = WeatherRow.swift; sourceTree = "<group>"; };
		684C705B2C3B4B5600ED3619 /* Factories.swift */ = {isa = PBXFileReference; lastKnownFileType = sourcecode.swift; path = Factories.swift; sourceTree = "<group>"; };
		684C705E2C3B520200ED3619 /* Assets.xcassets */ = {isa = PBXFileReference; lastKnownFileType = folder.assetcatalog; path = Assets.xcassets; sourceTree = "<group>"; };
		684C706C2C3B52F100ED3619 /* Data.swift */ = {isa = PBXFileReference; lastKnownFileType = sourcecode.swift; path = Data.swift; sourceTree = "<group>"; };
		68D3B0A72C2CD543004E6ABB /* WeatherApp.app */ = {isa = PBXFileReference; explicitFileType = wrapper.application; includeInIndex = 0; path = WeatherApp.app; sourceTree = BUILT_PRODUCTS_DIR; };
		68D3B0AA2C2CD543004E6ABB /* WeatherAppApp.swift */ = {isa = PBXFileReference; lastKnownFileType = sourcecode.swift; path = WeatherAppApp.swift; sourceTree = "<group>"; };
		68D3B0AC2C2CD543004E6ABB /* ContentView.swift */ = {isa = PBXFileReference; lastKnownFileType = sourcecode.swift; path = ContentView.swift; sourceTree = "<group>"; };
		68D3B0AE2C2CD543004E6ABB /* Assets.xcassets */ = {isa = PBXFileReference; lastKnownFileType = folder.assetcatalog; path = Assets.xcassets; sourceTree = "<group>"; };
		68D3B0B12C2CD543004E6ABB /* Preview Assets.xcassets */ = {isa = PBXFileReference; lastKnownFileType = folder.assetcatalog; path = "Preview Assets.xcassets"; sourceTree = "<group>"; };
		68D3B0B92C2CD5DD004E6ABB /* LocationManager.swift */ = {isa = PBXFileReference; lastKnownFileType = sourcecode.swift; path = LocationManager.swift; sourceTree = "<group>"; };
		68D3B0BC2C2CD747004E6ABB /* WelcomeView.swift */ = {isa = PBXFileReference; lastKnownFileType = sourcecode.swift; path = WelcomeView.swift; sourceTree = "<group>"; };
		68D545832C3B851500FBD4BE /* PlaylistCell.swift */ = {isa = PBXFileReference; lastKnownFileType = sourcecode.swift; path = PlaylistCell.swift; sourceTree = "<group>"; };
/* End PBXFileReference section */

/* Begin PBXFrameworksBuildPhase section */
		68D3B0A42C2CD542004E6ABB /* Frameworks */ = {
			isa = PBXFrameworksBuildPhase;
			buildActionMask = 2147483647;
			files = (
			);
			runOnlyForDeploymentPostprocessing = 0;
		};
/* End PBXFrameworksBuildPhase section */

/* Begin PBXGroup section */
		684C70582C2E361C00ED3619 /* Components */ = {
			isa = PBXGroup;
			children = (
				684C70592C2E363900ED3619 /* WeatherRow.swift */,
			);
			path = Components;
			sourceTree = "<group>";
		};
		684C705D2C3B51DD00ED3619 /* Assets */ = {
			isa = PBXGroup;
			children = (
				684C705E2C3B520200ED3619 /* Assets.xcassets */,
			);
			path = Assets;
			sourceTree = "<group>";
		};
		68D3B09E2C2CD542004E6ABB = {
			isa = PBXGroup;
			children = (
				68D3B0A92C2CD543004E6ABB /* WeatherApp */,
				68D3B0A82C2CD543004E6ABB /* Products */,
			);
			sourceTree = "<group>";
		};
		68D3B0A82C2CD543004E6ABB /* Products */ = {
			isa = PBXGroup;
			children = (
				68D3B0A72C2CD543004E6ABB /* WeatherApp.app */,
			);
			name = Products;
			sourceTree = "<group>";
		};
		68D3B0A92C2CD543004E6ABB /* WeatherApp */ = {
			isa = PBXGroup;
			children = (
				684C705D2C3B51DD00ED3619 /* Assets */,
				684C70582C2E361C00ED3619 /* Components */,
				68D3B0BB2C2CD6DF004E6ABB /* Views */,
				68D3B0B82C2CD5B8004E6ABB /* Managers */,
				68D3B0AA2C2CD543004E6ABB /* WeatherAppApp.swift */,
				68D3B0AE2C2CD543004E6ABB /* Assets.xcassets */,
				68D3B0B02C2CD543004E6ABB /* Preview Content */,
				684C70562C2E2E5600ED3619 /* Extensions.swift */,
			);
			path = WeatherApp;
			sourceTree = "<group>";
		};
		68D3B0B02C2CD543004E6ABB /* Preview Content */ = {
			isa = PBXGroup;
			children = (
				68D3B0B12C2CD543004E6ABB /* Preview Assets.xcassets */,
				684C70522C2E2CEB00ED3619 /* ModelData.swift */,
				684C70542C2E2D2900ED3619 /* weatherData.json */,
			);
			path = "Preview Content";
			sourceTree = "<group>";
		};
		68D3B0B82C2CD5B8004E6ABB /* Managers */ = {
			isa = PBXGroup;
			children = (
				68D3B0B92C2CD5DD004E6ABB /* LocationManager.swift */,
				684C704E2C2E27F800ED3619 /* WeatherManager.swift */,
			);
			path = Managers;
			sourceTree = "<group>";
		};
		68D3B0BB2C2CD6DF004E6ABB /* Views */ = {
			isa = PBXGroup;
			children = (
				68D3B0AC2C2CD543004E6ABB /* ContentView.swift */,
				68D3B0BC2C2CD747004E6ABB /* WelcomeView.swift */,
				684C704C2C2E250700ED3619 /* LoadingView.swift */,
				684C70502C2E2CA200ED3619 /* WeatherView.swift */,
				684C705B2C3B4B5600ED3619 /* Factories.swift */,
				684C706C2C3B52F100ED3619 /* Data.swift */,
				68D545832C3B851500FBD4BE /* PlaylistCell.swift */,
			);
			path = Views;
			sourceTree = "<group>";
		};
/* End PBXGroup section */

/* Begin PBXNativeTarget section */
		68D3B0A62C2CD542004E6ABB /* WeatherApp */ = {
			isa = PBXNativeTarget;
			buildConfigurationList = 68D3B0B52C2CD543004E6ABB /* Build configuration list for PBXNativeTarget "WeatherApp" */;
			buildPhases = (
				68D3B0A32C2CD542004E6ABB /* Sources */,
				68D3B0A42C2CD542004E6ABB /* Frameworks */,
				68D3B0A52C2CD542004E6ABB /* Resources */,
			);
			buildRules = (
			);
			dependencies = (
			);
			name = WeatherApp;
			productName = WeatherApp;
			productReference = 68D3B0A72C2CD543004E6ABB /* WeatherApp.app */;
			productType = "com.apple.product-type.application";
		};
/* End PBXNativeTarget section */

/* Begin PBXProject section */
		68D3B09F2C2CD542004E6ABB /* Project object */ = {
			isa = PBXProject;
			attributes = {
				BuildIndependentTargetsInParallel = 1;
				LastSwiftUpdateCheck = 1540;
				LastUpgradeCheck = 1540;
				TargetAttributes = {
					68D3B0A62C2CD542004E6ABB = {
						CreatedOnToolsVersion = 15.4;
					};
				};
			};
			buildConfigurationList = 68D3B0A22C2CD542004E6ABB /* Build configuration list for PBXProject "WeatherApp" */;
			compatibilityVersion = "Xcode 14.0";
			developmentRegion = en;
			hasScannedForEncodings = 0;
			knownRegions = (
				en,
				Base,
			);
			mainGroup = 68D3B09E2C2CD542004E6ABB;
			productRefGroup = 68D3B0A82C2CD543004E6ABB /* Products */;
			projectDirPath = "";
			projectRoot = "";
			targets = (
				68D3B0A62C2CD542004E6ABB /* WeatherApp */,
			);
		};
/* End PBXProject section */

/* Begin PBXResourcesBuildPhase section */
		68D3B0A52C2CD542004E6ABB /* Resources */ = {
			isa = PBXResourcesBuildPhase;
			buildActionMask = 2147483647;
			files = (
				68D3B0B22C2CD543004E6ABB /* Preview Assets.xcassets in Resources */,
				684C70552C2E2D2900ED3619 /* weatherData.json in Resources */,
				684C705F2C3B520200ED3619 /* Assets.xcassets in Resources */,
				68D3B0AF2C2CD543004E6ABB /* Assets.xcassets in Resources */,
			);
			runOnlyForDeploymentPostprocessing = 0;
		};
/* End PBXResourcesBuildPhase section */

/* Begin PBXSourcesBuildPhase section */
		68D3B0A32C2CD542004E6ABB /* Sources */ = {
			isa = PBXSourcesBuildPhase;
			buildActionMask = 2147483647;
			files = (
				684C704F2C2E27F800ED3619 /* WeatherManager.swift in Sources */,
				684C70572C2E2E5600ED3619 /* Extensions.swift in Sources */,
				68D3B0AD2C2CD543004E6ABB /* ContentView.swift in Sources */,
				68D3B0AB2C2CD543004E6ABB /* WeatherAppApp.swift in Sources */,
				68D3B0BA2C2CD5DD004E6ABB /* LocationManager.swift in Sources */,
				684C705A2C2E363900ED3619 /* WeatherRow.swift in Sources */,
				684C704D2C2E250700ED3619 /* LoadingView.swift in Sources */,
				684C706D2C3B52F100ED3619 /* Data.swift in Sources */,
				684C70532C2E2CEB00ED3619 /* ModelData.swift in Sources */,
				684C705C2C3B4B5600ED3619 /* Factories.swift in Sources */,
				684C70512C2E2CA200ED3619 /* WeatherView.swift in Sources */,
				68D545842C3B851500FBD4BE /* PlaylistCell.swift in Sources */,
				68D3B0BD2C2CD747004E6ABB /* WelcomeView.swift in Sources */,
			);
			runOnlyForDeploymentPostprocessing = 0;
		};
/* End PBXSourcesBuildPhase section */

/* Begin XCBuildConfiguration section */
		68D3B0B32C2CD543004E6ABB /* Debug */ = {
			isa = XCBuildConfiguration;
			buildSettings = {
				ALWAYS_SEARCH_USER_PATHS = NO;
				ASSETCATALOG_COMPILER_GENERATE_SWIFT_ASSET_SYMBOL_EXTENSIONS = YES;
				CLANG_ANALYZER_NONNULL = YES;
				CLANG_ANALYZER_NUMBER_OBJECT_CONVERSION = YES_AGGRESSIVE;
				CLANG_CXX_LANGUAGE_STANDARD = "gnu++20";
				CLANG_ENABLE_MODULES = YES;
				CLANG_ENABLE_OBJC_ARC = YES;
				CLANG_ENABLE_OBJC_WEAK = YES;
				CLANG_WARN_BLOCK_CAPTURE_AUTORELEASING = YES;
				CLANG_WARN_BOOL_CONVERSION = YES;
				CLANG_WARN_COMMA = YES;
				CLANG_WARN_CONSTANT_CONVERSION = YES;
				CLANG_WARN_DEPRECATED_OBJC_IMPLEMENTATIONS = YES;
				CLANG_WARN_DIRECT_OBJC_ISA_USAGE = YES_ERROR;
				CLANG_WARN_DOCUMENTATION_COMMENTS = YES;
				CLANG_WARN_EMPTY_BODY = YES;
				CLANG_WARN_ENUM_CONVERSION = YES;
				CLANG_WARN_INFINITE_RECURSION = YES;
				CLANG_WARN_INT_CONVERSION = YES;
				CLANG_WARN_NON_LITERAL_NULL_CONVERSION = YES;
				CLANG_WARN_OBJC_IMPLICIT_RETAIN_SELF = YES;
				CLANG_WARN_OBJC_LITERAL_CONVERSION = YES;
				CLANG_WARN_OBJC_ROOT_CLASS = YES_ERROR;
				CLANG_WARN_QUOTED_INCLUDE_IN_FRAMEWORK_HEADER = YES;
				CLANG_WARN_RANGE_LOOP_ANALYSIS = YES;
				CLANG_WARN_STRICT_PROTOTYPES = YES;
				CLANG_WARN_SUSPICIOUS_MOVE = YES;
				CLANG_WARN_UNGUARDED_AVAILABILITY = YES_AGGRESSIVE;
				CLANG_WARN_UNREACHABLE_CODE = YES;
				CLANG_WARN__DUPLICATE_METHOD_MATCH = YES;
				COPY_PHASE_STRIP = NO;
				DEBUG_INFORMATION_FORMAT = dwarf;
				ENABLE_STRICT_OBJC_MSGSEND = YES;
				ENABLE_TESTABILITY = YES;
				ENABLE_USER_SCRIPT_SANDBOXING = YES;
				GCC_C_LANGUAGE_STANDARD = gnu17;
				GCC_DYNAMIC_NO_PIC = NO;
				GCC_NO_COMMON_BLOCKS = YES;
				GCC_OPTIMIZATION_LEVEL = 0;
				GCC_PREPROCESSOR_DEFINITIONS = (
					"DEBUG=1",
					"$(inherited)",
				);
				GCC_WARN_64_TO_32_BIT_CONVERSION = YES;
				GCC_WARN_ABOUT_RETURN_TYPE = YES_ERROR;
				GCC_WARN_UNDECLARED_SELECTOR = YES;
				GCC_WARN_UNINITIALIZED_AUTOS = YES_AGGRESSIVE;
				GCC_WARN_UNUSED_FUNCTION = YES;
				GCC_WARN_UNUSED_VARIABLE = YES;
				IPHONEOS_DEPLOYMENT_TARGET = 17.5;
				LOCALIZATION_PREFERS_STRING_CATALOGS = YES;
				MTL_ENABLE_DEBUG_INFO = INCLUDE_SOURCE;
				MTL_FAST_MATH = YES;
				ONLY_ACTIVE_ARCH = YES;
				SDKROOT = iphoneos;
				SWIFT_ACTIVE_COMPILATION_CONDITIONS = "DEBUG $(inherited)";
				SWIFT_OPTIMIZATION_LEVEL = "-Onone";
			};
			name = Debug;
		};
		68D3B0B42C2CD543004E6ABB /* Release */ = {
			isa = XCBuildConfiguration;
			buildSettings = {
				ALWAYS_SEARCH_USER_PATHS = NO;
				ASSETCATALOG_COMPILER_GENERATE_SWIFT_ASSET_SYMBOL_EXTENSIONS = YES;
				CLANG_ANALYZER_NONNULL = YES;
				CLANG_ANALYZER_NUMBER_OBJECT_CONVERSION = YES_AGGRESSIVE;
				CLANG_CXX_LANGUAGE_STANDARD = "gnu++20";
				CLANG_ENABLE_MODULES = YES;
				CLANG_ENABLE_OBJC_ARC = YES;
				CLANG_ENABLE_OBJC_WEAK = YES;
				CLANG_WARN_BLOCK_CAPTURE_AUTORELEASING = YES;
				CLANG_WARN_BOOL_CONVERSION = YES;
				CLANG_WARN_COMMA = YES;
				CLANG_WARN_CONSTANT_CONVERSION = YES;
				CLANG_WARN_DEPRECATED_OBJC_IMPLEMENTATIONS = YES;
				CLANG_WARN_DIRECT_OBJC_ISA_USAGE = YES_ERROR;
				CLANG_WARN_DOCUMENTATION_COMMENTS = YES;
				CLANG_WARN_EMPTY_BODY = YES;
				CLANG_WARN_ENUM_CONVERSION = YES;
				CLANG_WARN_INFINITE_RECURSION = YES;
				CLANG_WARN_INT_CONVERSION = YES;
				CLANG_WARN_NON_LITERAL_NULL_CONVERSION = YES;
				CLANG_WARN_OBJC_IMPLICIT_RETAIN_SELF = YES;
				CLANG_WARN_OBJC_LITERAL_CONVERSION = YES;
				CLANG_WARN_OBJC_ROOT_CLASS = YES_ERROR;
				CLANG_WARN_QUOTED_INCLUDE_IN_FRAMEWORK_HEADER = YES;
				CLANG_WARN_RANGE_LOOP_ANALYSIS = YES;
				CLANG_WARN_STRICT_PROTOTYPES = YES;
				CLANG_WARN_SUSPICIOUS_MOVE = YES;
				CLANG_WARN_UNGUARDED_AVAILABILITY = YES_AGGRESSIVE;
				CLANG_WARN_UNREACHABLE_CODE = YES;
				CLANG_WARN__DUPLICATE_METHOD_MATCH = YES;
				COPY_PHASE_STRIP = NO;
				DEBUG_INFORMATION_FORMAT = "dwarf-with-dsym";
				ENABLE_NS_ASSERTIONS = NO;
				ENABLE_STRICT_OBJC_MSGSEND = YES;
				ENABLE_USER_SCRIPT_SANDBOXING = YES;
				GCC_C_LANGUAGE_STANDARD = gnu17;
				GCC_NO_COMMON_BLOCKS = YES;
				GCC_WARN_64_TO_32_BIT_CONVERSION = YES;
				GCC_WARN_ABOUT_RETURN_TYPE = YES_ERROR;
				GCC_WARN_UNDECLARED_SELECTOR = YES;
				GCC_WARN_UNINITIALIZED_AUTOS = YES_AGGRESSIVE;
				GCC_WARN_UNUSED_FUNCTION = YES;
				GCC_WARN_UNUSED_VARIABLE = YES;
				IPHONEOS_DEPLOYMENT_TARGET = 17.5;
				LOCALIZATION_PREFERS_STRING_CATALOGS = YES;
				MTL_ENABLE_DEBUG_INFO = NO;
				MTL_FAST_MATH = YES;
				SDKROOT = iphoneos;
				SWIFT_COMPILATION_MODE = wholemodule;
				VALIDATE_PRODUCT = YES;
			};
			name = Release;
		};
		68D3B0B62C2CD543004E6ABB /* Debug */ = {
			isa = XCBuildConfiguration;
			buildSettings = {
				ASSETCATALOG_COMPILER_APPICON_NAME = AppIcon;
				ASSETCATALOG_COMPILER_GLOBAL_ACCENT_COLOR_NAME = AccentColor;
				CODE_SIGN_STYLE = Automatic;
				CURRENT_PROJECT_VERSION = 1;
				DEVELOPMENT_ASSET_PATHS = "\"WeatherApp/Preview Content\"";
				ENABLE_PREVIEWS = YES;
				GENERATE_INFOPLIST_FILE = YES;
				INFOPLIST_KEY_UIApplicationSceneManifest_Generation = YES;
				INFOPLIST_KEY_UIApplicationSupportsIndirectInputEvents = YES;
				INFOPLIST_KEY_UILaunchScreen_Generation = YES;
				INFOPLIST_KEY_UISupportedInterfaceOrientations_iPad = "UIInterfaceOrientationPortrait UIInterfaceOrientationPortraitUpsideDown UIInterfaceOrientationLandscapeLeft UIInterfaceOrientationLandscapeRight";
				INFOPLIST_KEY_UISupportedInterfaceOrientations_iPhone = "UIInterfaceOrientationPortrait UIInterfaceOrientationLandscapeLeft UIInterfaceOrientationLandscapeRight";
				IPHONEOS_DEPLOYMENT_TARGET = 15.0;
				LD_RUNPATH_SEARCH_PATHS = (
					"$(inherited)",
					"@executable_path/Frameworks",
				);
				MARKETING_VERSION = 1.0;
				PRODUCT_BUNDLE_IDENTIFIER = com.michelleyeoh.WeatherApp;
				PRODUCT_NAME = "$(TARGET_NAME)";
				SWIFT_EMIT_LOC_STRINGS = YES;
				SWIFT_VERSION = 5.0;
				TARGETED_DEVICE_FAMILY = "1,2";
			};
			name = Debug;
		};
		68D3B0B72C2CD543004E6ABB /* Release */ = {
			isa = XCBuildConfiguration;
			buildSettings = {
				ASSETCATALOG_COMPILER_APPICON_NAME = AppIcon;
				ASSETCATALOG_COMPILER_GLOBAL_ACCENT_COLOR_NAME = AccentColor;
				CODE_SIGN_STYLE = Automatic;
				CURRENT_PROJECT_VERSION = 1;
				DEVELOPMENT_ASSET_PATHS = "\"WeatherApp/Preview Content\"";
				ENABLE_PREVIEWS = YES;
				GENERATE_INFOPLIST_FILE = YES;
				INFOPLIST_KEY_UIApplicationSceneManifest_Generation = YES;
				INFOPLIST_KEY_UIApplicationSupportsIndirectInputEvents = YES;
				INFOPLIST_KEY_UILaunchScreen_Generation = YES;
				INFOPLIST_KEY_UISupportedInterfaceOrientations_iPad = "UIInterfaceOrientationPortrait UIInterfaceOrientationPortraitUpsideDown UIInterfaceOrientationLandscapeLeft UIInterfaceOrientationLandscapeRight";
				INFOPLIST_KEY_UISupportedInterfaceOrientations_iPhone = "UIInterfaceOrientationPortrait UIInterfaceOrientationLandscapeLeft UIInterfaceOrientationLandscapeRight";
				IPHONEOS_DEPLOYMENT_TARGET = 15.0;
				LD_RUNPATH_SEARCH_PATHS = (
					"$(inherited)",
					"@executable_path/Frameworks",
				);
				MARKETING_VERSION = 1.0;
				PRODUCT_BUNDLE_IDENTIFIER = com.michelleyeoh.WeatherApp;
				PRODUCT_NAME = "$(TARGET_NAME)";
				SWIFT_EMIT_LOC_STRINGS = YES;
				SWIFT_VERSION = 5.0;
				TARGETED_DEVICE_FAMILY = "1,2";
			};
			name = Release;
		};
/* End XCBuildConfiguration section */

/* Begin XCConfigurationList section */
		68D3B0A22C2CD542004E6ABB /* Build configuration list for PBXProject "WeatherApp" */ = {
			isa = XCConfigurationList;
			buildConfigurations = (
				68D3B0B32C2CD543004E6ABB /* Debug */,
				68D3B0B42C2CD543004E6ABB /* Release */,
			);
			defaultConfigurationIsVisible = 0;
			defaultConfigurationName = Release;
		};
		68D3B0B52C2CD543004E6ABB /* Build configuration list for PBXNativeTarget "WeatherApp" */ = {
			isa = XCConfigurationList;
			buildConfigurations = (
				68D3B0B62C2CD543004E6ABB /* Debug */,
				68D3B0B72C2CD543004E6ABB /* Release */,
			);
			defaultConfigurationIsVisible = 0;
			defaultConfigurationName = Release;
		};
/* End XCConfigurationList section */
	};
	rootObject = 68D3B09F2C2CD542004E6ABB /* Project object */;
}
